// !$*UTF8*$!
{
	archiveVersion = 1;
	classes = {
	};
	objectVersion = 48;
	objects = {

/* Begin PBXBuildFile section */
		C424378D2054EB4100CF2A11 /* AppDelegate.swift in Sources */ = {isa = PBXBuildFile; fileRef = C424378C2054EB4100CF2A11 /* AppDelegate.swift */; };
		C424378F2054EB4100CF2A11 /* ViewController.swift in Sources */ = {isa = PBXBuildFile; fileRef = C424378E2054EB4100CF2A11 /* ViewController.swift */; };
		C42437922054EB4100CF2A11 /* Main.storyboard in Resources */ = {isa = PBXBuildFile; fileRef = C42437902054EB4100CF2A11 /* Main.storyboard */; };
		C42437942054EB4100CF2A11 /* Assets.xcassets in Resources */ = {isa = PBXBuildFile; fileRef = C42437932054EB4100CF2A11 /* Assets.xcassets */; };
		C42437972054EB4100CF2A11 /* LaunchScreen.storyboard in Resources */ = {isa = PBXBuildFile; fileRef = C42437952054EB4100CF2A11 /* LaunchScreen.storyboard */; };
		C424379F2054EC7500CF2A11 /* ic_format_color_text_48pt.png in Resources */ = {isa = PBXBuildFile; fileRef = C424379E2054EC7500CF2A11 /* ic_format_color_text_48pt.png */; };
		C4F67E122054F9B30081F639 /* ic_keyboard_arrow_left_48pt.png in Resources */ = {isa = PBXBuildFile; fileRef = C4F67E112054F9B30081F639 /* ic_keyboard_arrow_left_48pt.png */; };
		C4F67E142054FB340081F639 /* TextViewController.swift in Sources */ = {isa = PBXBuildFile; fileRef = C4F67E132054FB340081F639 /* TextViewController.swift */; };
		C4F67E16205502280081F639 /* MyClass.swift in Sources */ = {isa = PBXBuildFile; fileRef = C4F67E15205502280081F639 /* MyClass.swift */; };
/* End PBXBuildFile section */

/* Begin PBXFileReference section */
		C42437892054EB4100CF2A11 /* Multi Screen.app */ = {isa = PBXFileReference; explicitFileType = wrapper.application; includeInIndex = 0; path = "Multi Screen.app"; sourceTree = BUILT_PRODUCTS_DIR; };
		C424378C2054EB4100CF2A11 /* AppDelegate.swift */ = {isa = PBXFileReference; lastKnownFileType = sourcecode.swift; path = AppDelegate.swift; sourceTree = "<group>"; };
		C424378E2054EB4100CF2A11 /* ViewController.swift */ = {isa = PBXFileReference; lastKnownFileType = sourcecode.swift; path = ViewController.swift; sourceTree = "<group>"; };
		C42437912054EB4100CF2A11 /* Base */ = {isa = PBXFileReference; lastKnownFileType = file.storyboard; name = Base; path = Base.lproj/Main.storyboard; sourceTree = "<group>"; };
		C42437932054EB4100CF2A11 /* Assets.xcassets */ = {isa = PBXFileReference; lastKnownFileType = folder.assetcatalog; path = Assets.xcassets; sourceTree = "<group>"; };
		C42437962054EB4100CF2A11 /* Base */ = {isa = PBXFileReference; lastKnownFileType = file.storyboard; name = Base; path = Base.lproj/LaunchScreen.storyboard; sourceTree = "<group>"; };
		C42437982054EB4100CF2A11 /* Info.plist */ = {isa = PBXFileReference; lastKnownFileType = text.plist.xml; path = Info.plist; sourceTree = "<group>"; };
		C424379E2054EC7500CF2A11 /* ic_format_color_text_48pt.png */ = {isa = PBXFileReference; lastKnownFileType = image.png; path = ic_format_color_text_48pt.png; sourceTree = "<group>"; };
		C4F67E112054F9B30081F639 /* ic_keyboard_arrow_left_48pt.png */ = {isa = PBXFileReference; lastKnownFileType = image.png; path = ic_keyboard_arrow_left_48pt.png; sourceTree = "<group>"; };
		C4F67E132054FB340081F639 /* TextViewController.swift */ = {isa = PBXFileReference; lastKnownFileType = sourcecode.swift; path = TextViewController.swift; sourceTree = "<group>"; };
		C4F67E15205502280081F639 /* MyClass.swift */ = {isa = PBXFileReference; lastKnownFileType = sourcecode.swift; path = MyClass.swift; sourceTree = "<group>"; };
/* End PBXFileReference section */

/* Begin PBXFrameworksBuildPhase section */
		C42437862054EB4100CF2A11 /* Frameworks */ = {
			isa = PBXFrameworksBuildPhase;
			buildActionMask = 2147483647;
			files = (
			);
			runOnlyForDeploymentPostprocessing = 0;
		};
/* End PBXFrameworksBuildPhase section */

/* Begin PBXGroup section */
		C42437802054EB4100CF2A11 = {
			isa = PBXGroup;
			children = (
				C424378B2054EB4100CF2A11 /* Multi Screen */,
				C424378A2054EB4100CF2A11 /* Products */,
			);
			sourceTree = "<group>";
		};
		C424378A2054EB4100CF2A11 /* Products */ = {
			isa = PBXGroup;
			children = (
				C42437892054EB4100CF2A11 /* Multi Screen.app */,
			);
			name = Products;
			sourceTree = "<group>";
		};
		C424378B2054EB4100CF2A11 /* Multi Screen */ = {
			isa = PBXGroup;
			children = (
				C424378C2054EB4100CF2A11 /* AppDelegate.swift */,
				C424379E2054EC7500CF2A11 /* ic_format_color_text_48pt.png */,
				C4F67E112054F9B30081F639 /* ic_keyboard_arrow_left_48pt.png */,
				C424378E2054EB4100CF2A11 /* ViewController.swift */,
				C4F67E15205502280081F639 /* MyClass.swift */,
				C4F67E132054FB340081F639 /* TextViewController.swift */,
				C42437902054EB4100CF2A11 /* Main.storyboard */,
				C42437932054EB4100CF2A11 /* Assets.xcassets */,
				C42437952054EB4100CF2A11 /* LaunchScreen.storyboard */,
				C42437982054EB4100CF2A11 /* Info.plist */,
			);
			path = "Multi Screen";
			sourceTree = "<group>";
		};
/* End PBXGroup section */

/* Begin PBXNativeTarget section */
		C42437882054EB4100CF2A11 /* Multi Screen */ = {
			isa = PBXNativeTarget;
			buildConfigurationList = C424379B2054EB4100CF2A11 /* Build configuration list for PBXNativeTarget "Multi Screen" */;
			buildPhases = (
				C42437852054EB4100CF2A11 /* Sources */,
				C42437862054EB4100CF2A11 /* Frameworks */,
				C42437872054EB4100CF2A11 /* Resources */,
			);
			buildRules = (
			);
			dependencies = (
			);
			name = "Multi Screen";
			productName = "Multi Screen";
			productReference = C42437892054EB4100CF2A11 /* Multi Screen.app */;
			productType = "com.apple.product-type.application";
		};
/* End PBXNativeTarget section */

/* Begin PBXProject section */
		C42437812054EB4100CF2A11 /* Project object */ = {
			isa = PBXProject;
			attributes = {
				LastSwiftUpdateCheck = 0920;
				LastUpgradeCheck = 0920;
				ORGANIZATIONNAME = MasterUNG;
				TargetAttributes = {
					C42437882054EB4100CF2A11 = {
						CreatedOnToolsVersion = 9.2;
						ProvisioningStyle = Automatic;
					};
				};
			};
			buildConfigurationList = C42437842054EB4100CF2A11 /* Build configuration list for PBXProject "Multi Screen" */;
			compatibilityVersion = "Xcode 8.0";
			developmentRegion = en;
			hasScannedForEncodings = 0;
			knownRegions = (
				en,
				Base,
			);
			mainGroup = C42437802054EB4100CF2A11;
			productRefGroup = C424378A2054EB4100CF2A11 /* Products */;
			projectDirPath = "";
			projectRoot = "";
			targets = (
				C42437882054EB4100CF2A11 /* Multi Screen */,
			);
		};
/* End PBXProject section */

/* Begin PBXResourcesBuildPhase section */
		C42437872054EB4100CF2A11 /* Resources */ = {
			isa = PBXResourcesBuildPhase;
			buildActionMask = 2147483647;
			files = (
				C42437972054EB4100CF2A11 /* LaunchScreen.storyboard in Resources */,
				C424379F2054EC7500CF2A11 /* ic_format_color_text_48pt.png in Resources */,
				C4F67E122054F9B30081F639 /* ic_keyboard_arrow_left_48pt.png in Resources */,
				C42437942054EB4100CF2A11 /* Assets.xcassets in Resources */,
				C42437922054EB4100CF2A11 /* Main.storyboard in Resources */,
			);
			runOnlyForDeploymentPostprocessing = 0;
		};
/* End PBXResourcesBuildPhase section */

/* Begin PBXSourcesBuildPhase section */
		C42437852054EB4100CF2A11 /* Sources */ = {
			isa = PBXSourcesBuildPhase;
			buildActionMask = 2147483647;
			files = (
				C4F67E16205502280081F639 /* MyClass.swift in Sources */,
				C424378F2054EB4100CF2A11 /* ViewController.swift in Sources */,
				C424378D2054EB4100CF2A11 /* AppDelegate.swift in Sources */,
				C4F67E142054FB340081F639 /* TextViewController.swift in Sources */,
			);
			runOnlyForDeploymentPostprocessing = 0;
		};
/* End PBXSourcesBuildPhase section */

/* Begin PBXVariantGroup section */
		C42437902054EB4100CF2A11 /* Main.storyboard */ = {
			isa = PBXVariantGroup;
			children = (
				C42437912054EB4100CF2A11 /* Base */,
			);
			name = Main.storyboard;
			sourceTree = "<group>";
		};
		C42437952054EB4100CF2A11 /* LaunchScreen.storyboard */ = {
			isa = PBXVariantGroup;
			children = (
				C42437962054EB4100CF2A11 /* Base */,
			);
			name = LaunchScreen.storyboard;
			sourceTree = "<group>";
		};
/* End PBXVariantGroup section */

/* Begin XCBuildConfiguration section */
		C42437992054EB4100CF2A11 /* Debug */ = {
			isa = XCBuildConfiguration;
			buildSettings = {
				ALWAYS_SEARCH_USER_PATHS = NO;
				CLANG_ANALYZER_NONNULL = YES;
				CLANG_ANALYZER_NUMBER_OBJECT_CONVERSION = YES_AGGRESSIVE;
				CLANG_CXX_LANGUAGE_STANDARD = "gnu++14";
				CLANG_CXX_LIBRARY = "libc++";
				CLANG_ENABLE_MODULES = YES;
				CLANG_ENABLE_OBJC_ARC = YES;
				CLANG_WARN_BLOCK_CAPTURE_AUTORELEASING = YES;
				CLANG_WARN_BOOL_CONVERSION = YES;
				CLANG_WARN_COMMA = YES;
				CLANG_WARN_CONSTANT_CONVERSION = YES;
				CLANG_WARN_DIRECT_OBJC_ISA_USAGE = YES_ERROR;
				CLANG_WARN_DOCUMENTATION_COMMENTS = YES;
				CLANG_WARN_EMPTY_BODY = YES;
				CLANG_WARN_ENUM_CONVERSION = YES;
				CLANG_WARN_INFINITE_RECURSION = YES;
				CLANG_WARN_INT_CONVERSION = YES;
				CLANG_WARN_NON_LITERAL_NULL_CONVERSION = YES;
				CLANG_WARN_OBJC_LITERAL_CONVERSION = YES;
				CLANG_WARN_OBJC_ROOT_CLASS = YES_ERROR;
				CLANG_WARN_RANGE_LOOP_ANALYSIS = YES;
				CLANG_WARN_STRICT_PROTOTYPES = YES;
				CLANG_WARN_SUSPICIOUS_MOVE = YES;
				CLANG_WARN_UNGUARDED_AVAILABILITY = YES_AGGRESSIVE;
				CLANG_WARN_UNREACHABLE_CODE = YES;
				CLANG_WARN__DUPLICATE_METHOD_MATCH = YES;
				CODE_SIGN_IDENTITY = "iPhone Developer";
				COPY_PHASE_STRIP = NO;
				DEBUG_INFORMATION_FORMAT = dwarf;
				ENABLE_STRICT_OBJC_MSGSEND = YES;
				ENABLE_TESTABILITY = YES;
				GCC_C_LANGUAGE_STANDARD = gnu11;
				GCC_DYNAMIC_NO_PIC = NO;
				GCC_NO_COMMON_BLOCKS = YES;
				GCC_OPTIMIZATION_LEVEL = 0;
				GCC_PREPROCESSOR_DEFINITIONS = (
					"DEBUG=1",
					"$(inherited)",
				);
				GCC_WARN_64_TO_32_BIT_CONVERSION = YES;
				GCC_WARN_ABOUT_RETURN_TYPE = YES_ERROR;
				GCC_WARN_UNDECLARED_SELECTOR = YES;
				GCC_WARN_UNINITIALIZED_AUTOS = YES_AGGRESSIVE;
				GCC_WARN_UNUSED_FUNCTION = YES;
				GCC_WARN_UNUSED_VARIABLE = YES;
				IPHONEOS_DEPLOYMENT_TARGET = 11.2;
				MTL_ENABLE_DEBUG_INFO = YES;
				ONLY_ACTIVE_ARCH = YES;
				SDKROOT = iphoneos;
				SWIFT_ACTIVE_COMPILATION_CONDITIONS = DEBUG;
				SWIFT_OPTIMIZATION_LEVEL = "-Onone";
			};
			name = Debug;
		};
		C424379A2054EB4100CF2A11 /* Release */ = {
			isa = XCBuildConfiguration;
			buildSettings = {
				ALWAYS_SEARCH_USER_PATHS = NO;
				CLANG_ANALYZER_NONNULL = YES;
				CLANG_ANALYZER_NUMBER_OBJECT_CONVERSION = YES_AGGRESSIVE;
				CLANG_CXX_LANGUAGE_STANDARD = "gnu++14";
				CLANG_CXX_LIBRARY = "libc++";
				CLANG_ENABLE_MODULES = YES;
				CLANG_ENABLE_OBJC_ARC = YES;
				CLANG_WARN_BLOCK_CAPTURE_AUTORELEASING = YES;
				CLANG_WARN_BOOL_CONVERSION = YES;
				CLANG_WARN_COMMA = YES;
				CLANG_WARN_CONSTANT_CONVERSION = YES;
				CLANG_WARN_DIRECT_OBJC_ISA_USAGE = YES_ERROR;
				CLANG_WARN_DOCUMENTATION_COMMENTS = YES;
				CLANG_WARN_EMPTY_BODY = YES;
				CLANG_WARN_ENUM_CONVERSION = YES;
				CLANG_WARN_INFINITE_RECURSION = YES;
				CLANG_WARN_INT_CONVERSION = YES;
				CLANG_WARN_NON_LITERAL_NULL_CONVERSION = YES;
				CLANG_WARN_OBJC_LITERAL_CONVERSION = YES;
				CLANG_WARN_OBJC_ROOT_CLASS = YES_ERROR;
				CLANG_WARN_RANGE_LOOP_ANALYSIS = YES;
				CLANG_WARN_STRICT_PROTOTYPES = YES;
				CLANG_WARN_SUSPICIOUS_MOVE = YES;
				CLANG_WARN_UNGUARDED_AVAILABILITY = YES_AGGRESSIVE;
				CLANG_WARN_UNREACHABLE_CODE = YES;
				CLANG_WARN__DUPLICATE_METHOD_MATCH = YES;
				CODE_SIGN_IDENTITY = "iPhone Developer";
				COPY_PHASE_STRIP = NO;
				DEBUG_INFORMATION_FORMAT = "dwarf-with-dsym";
				ENABLE_NS_ASSERTIONS = NO;
				ENABLE_STRICT_OBJC_MSGSEND = YES;
				GCC_C_LANGUAGE_STANDARD = gnu11;
				GCC_NO_COMMON_BLOCKS = YES;
				GCC_WARN_64_TO_32_BIT_CONVERSION = YES;
				GCC_WARN_ABOUT_RETURN_TYPE = YES_ERROR;
				GCC_WARN_UNDECLARED_SELECTOR = YES;
				GCC_WARN_UNINITIALIZED_AUTOS = YES_AGGRESSIVE;
				GCC_WARN_UNUSED_FUNCTION = YES;
				GCC_WARN_UNUSED_VARIABLE = YES;
				IPHONEOS_DEPLOYMENT_TARGET = 11.2;
				MTL_ENABLE_DEBUG_INFO = NO;
				SDKROOT = iphoneos;
				SWIFT_OPTIMIZATION_LEVEL = "-Owholemodule";
				VALIDATE_PRODUCT = YES;
			};
			name = Release;
		};
		C424379C2054EB4100CF2A11 /* Debug */ = {
			isa = XCBuildConfiguration;
			buildSettings = {
				ASSETCATALOG_COMPILER_APPICON_NAME = AppIcon;
				CODE_SIGN_STYLE = Automatic;
				INFOPLIST_FILE = "Multi Screen/Info.plist";
				LD_RUNPATH_SEARCH_PATHS = "$(inherited) @executable_path/Frameworks";
				PRODUCT_BUNDLE_IDENTIFIER = "com.SwiftCodingThai.Multi-Screen";
				PRODUCT_NAME = "$(TARGET_NAME)";
				SWIFT_VERSION = 4.0;
				TARGETED_DEVICE_FAMILY = "1,2";
			};
			name = Debug;
		};
		C424379D2054EB4100CF2A11 /* Release */ = {
			isa = XCBuildConfiguration;
			buildSettings = {
				ASSETCATALOG_COMPILER_APPICON_NAME = AppIcon;
				CODE_SIGN_STYLE = Automatic;
				INFOPLIST_FILE = "Multi Screen/Info.plist";
				LD_RUNPATH_SEARCH_PATHS = "$(inherited) @executable_path/Frameworks";
				PRODUCT_BUNDLE_IDENTIFIER = "com.SwiftCodingThai.Multi-Screen";
				PRODUCT_NAME = "$(TARGET_NAME)";
				SWIFT_VERSION = 4.0;
				TARGETED_DEVICE_FAMILY = "1,2";
			};
			name = Release;
		};
/* End XCBuildConfiguration section */

/* Begin XCConfigurationList section */
		C42437842054EB4100CF2A11 /* Build configuration list for PBXProject "Multi Screen" */ = {
			isa = XCConfigurationList;
			buildConfigurations = (
				C42437992054EB4100CF2A11 /* Debug */,
				C424379A2054EB4100CF2A11 /* Release */,
			);
			defaultConfigurationIsVisible = 0;
			defaultConfigurationName = Release;
		};
		C424379B2054EB4100CF2A11 /* Build configuration list for PBXNativeTarget "Multi Screen" */ = {
			isa = XCConfigurationList;
			buildConfigurations = (
				C424379C2054EB4100CF2A11 /* Debug */,
				C424379D2054EB4100CF2A11 /* Release */,
			);
			defaultConfigurationIsVisible = 0;
			defaultConfigurationName = Release;
		};
/* End XCConfigurationList section */
	};
	rootObject = C42437812054EB4100CF2A11 /* Project object */;
}
